
Microsoft Visual Studio Solution File, Format Version 12.00
# Visual Studio Version 17
VisualStudioVersion = 17.3.32825.248
MinimumVisualStudioVersion = 10.0.40219.1
Project("{FAE04EC0-301F-11D3-BF4B-00C04F79EFBC}") = "PizzaApplication", "PizzaApplication.csproj", "{F0832C3B-212F-4F00-B322-F3E3B17BCE98}"
EndProject
Global
	GlobalSection(SolutionConfigurationPlatforms) = preSolution
		Debug|Any CPU = Debug|Any CPU
		Release|Any CPU = Release|Any CPU
	EndGlobalSection
	GlobalSection(ProjectConfigurationPlatforms) = postSolution
		{F0832C3B-212F-4F00-B322-F3E3B17BCE98}.Debug|Any CPU.ActiveCfg = Debug|Any CPU
		{F0832C3B-212F-4F00-B322-F3E3B17BCE98}.Debug|Any CPU.Build.0 = Debug|Any CPU
		{F0832C3B-212F-4F00-B322-F3E3B17BCE98}.Release|Any CPU.ActiveCfg = Release|Any CPU
		{F0832C3B-212F-4F00-B322-F3E3B17BCE98}.Release|Any CPU.Build.0 = Release|Any CPU
	EndGlobalSection
	GlobalSection(SolutionProperties) = preSolution
		HideSolutionNode = FALSE
	EndGlobalSection
	GlobalSection(ExtensibilityGlobals) = postSolution
		SolutionGuid = {92B62374-ED1C-4FDF-BCFA-1AD98AEE0193}
	EndGlobalSection
EndGlobal
